
Microsoft Visual Studio Solution File, Format Version 12.00
# Visual Studio 15
VisualStudioVersion = 15.0.28010.2036
MinimumVisualStudioVersion = 10.0.40219.1
Project("{FAE04EC0-301F-11D3-BF4B-00C04F79EFBC}") = "Terbilang", "Terbilang\Terbilang.csproj", "{A68F4AB5-187A-4241-9A51-7B798499A4BA}"
EndProject
Project("{FAE04EC0-301F-11D3-BF4B-00C04F79EFBC}") = "WindowsFormsApp1", "WindowsFormsApp1\WindowsFormsApp1.csproj", "{096567ED-12BE-4111-B627-D60B64BA4BEE}"
EndProject
Global
	GlobalSection(SolutionConfigurationPlatforms) = preSolution
		Debug|Any CPU = Debug|Any CPU
		Release|Any CPU = Release|Any CPU
	EndGlobalSection
	GlobalSection(ProjectConfigurationPlatforms) = postSolution
		{A68F4AB5-187A-4241-9A51-7B798499A4BA}.Debug|Any CPU.ActiveCfg = Debug|Any CPU
		{A68F4AB5-187A-4241-9A51-7B798499A4BA}.Debug|Any CPU.Build.0 = Debug|Any CPU
		{A68F4AB5-187A-4241-9A51-7B798499A4BA}.Release|Any CPU.ActiveCfg = Release|Any CPU
		{A68F4AB5-187A-4241-9A51-7B798499A4BA}.Release|Any CPU.Build.0 = Release|Any CPU
		{096567ED-12BE-4111-B627-D60B64BA4BEE}.Debug|Any CPU.ActiveCfg = Debug|Any CPU
		{096567ED-12BE-4111-B627-D60B64BA4BEE}.Debug|Any CPU.Build.0 = Debug|Any CPU
		{096567ED-12BE-4111-B627-D60B64BA4BEE}.Release|Any CPU.ActiveCfg = Release|Any CPU
		{096567ED-12BE-4111-B627-D60B64BA4BEE}.Release|Any CPU.Build.0 = Release|Any CPU
	EndGlobalSection
	GlobalSection(SolutionProperties) = preSolution
		HideSolutionNode = FALSE
	EndGlobalSection
	GlobalSection(ExtensibilityGlobals) = postSolution
		SolutionGuid = {DFF7085A-3B9E-48B4-BDA0-0B871F625E33}
	EndGlobalSection
EndGlobal
